// !$*UTF8*$!
{
	archiveVersion = 1;
	classes = {
	};
	objectVersion = 46;
	objects = {

/* Begin PBXBuildFile section */
		0939075B1E8005870067DD83 /* Yaml.framework in Frameworks */ = {isa = PBXBuildFile; fileRef = 0939075A1E8005870067DD83 /* Yaml.framework */; };
		0939077B1E804E3A0067DD83 /* AppDelegate.swift in Sources */ = {isa = PBXBuildFile; fileRef = 0939076B1E804E3A0067DD83 /* AppDelegate.swift */; };
		0939077C1E804E3A0067DD83 /* Assets.xcassets in Resources */ = {isa = PBXBuildFile; fileRef = 0939076C1E804E3A0067DD83 /* Assets.xcassets */; };
		0939077D1E804E3A0067DD83 /* Main.storyboard in Resources */ = {isa = PBXBuildFile; fileRef = 0939076D1E804E3A0067DD83 /* Main.storyboard */; };
		0939077E1E804E3A0067DD83 /* CGEventExt.swift in Sources */ = {isa = PBXBuildFile; fileRef = 0939076F1E804E3A0067DD83 /* CGEventExt.swift */; };
		093907801E804E3A0067DD83 /* InputSource.swift in Sources */ = {isa = PBXBuildFile; fileRef = 093907711E804E3A0067DD83 /* InputSource.swift */; };
		093907811E804E3A0067DD83 /* Main.strings in Resources */ = {isa = PBXBuildFile; fileRef = 093907721E804E3A0067DD83 /* Main.strings */; };
		093907821E804E3A0067DD83 /* KeycodeTable.swift in Sources */ = {isa = PBXBuildFile; fileRef = 093907741E804E3A0067DD83 /* KeycodeTable.swift */; };
		093907831E804E3A0067DD83 /* KeyLayout.swift in Sources */ = {isa = PBXBuildFile; fileRef = 093907751E804E3A0067DD83 /* KeyLayout.swift */; };
		093907841E804E3A0067DD83 /* Keymap.swift in Sources */ = {isa = PBXBuildFile; fileRef = 093907761E804E3A0067DD83 /* Keymap.swift */; };
		093907851E804E3A0067DD83 /* Logger.swift in Sources */ = {isa = PBXBuildFile; fileRef = 093907771E804E3A0067DD83 /* Logger.swift */; };
		093907861E804E3A0067DD83 /* RomajiTable.swift in Sources */ = {isa = PBXBuildFile; fileRef = 093907781E804E3A0067DD83 /* RomajiTable.swift */; };
		093907871E804E3A0067DD83 /* TsukiInterceptor.swift in Sources */ = {isa = PBXBuildFile; fileRef = 093907791E804E3A0067DD83 /* TsukiInterceptor.swift */; };
		093907881E804E3A0067DD83 /* UserInfo.swift in Sources */ = {isa = PBXBuildFile; fileRef = 0939077A1E804E3A0067DD83 /* UserInfo.swift */; };
		0939078A1E804EDD0067DD83 /* layouts in Resources */ = {isa = PBXBuildFile; fileRef = 093907891E804EDD0067DD83 /* layouts */; };
/* End PBXBuildFile section */

/* Begin PBXFileReference section */
		0939075A1E8005870067DD83 /* Yaml.framework */ = {isa = PBXFileReference; lastKnownFileType = wrapper.framework; name = Yaml.framework; path = Carthage/Build/Mac/Yaml.framework; sourceTree = "<group>"; };
		0939076B1E804E3A0067DD83 /* AppDelegate.swift */ = {isa = PBXFileReference; fileEncoding = 4; lastKnownFileType = sourcecode.swift; path = AppDelegate.swift; sourceTree = "<group>"; };
		0939076C1E804E3A0067DD83 /* Assets.xcassets */ = {isa = PBXFileReference; lastKnownFileType = folder.assetcatalog; path = Assets.xcassets; sourceTree = "<group>"; };
		0939076E1E804E3A0067DD83 /* Base */ = {isa = PBXFileReference; lastKnownFileType = file.storyboard; name = Base; path = Base.lproj/Main.storyboard; sourceTree = "<group>"; };
		0939076F1E804E3A0067DD83 /* CGEventExt.swift */ = {isa = PBXFileReference; fileEncoding = 4; lastKnownFileType = sourcecode.swift; path = CGEventExt.swift; sourceTree = "<group>"; };
		093907701E804E3A0067DD83 /* Info.plist */ = {isa = PBXFileReference; fileEncoding = 4; lastKnownFileType = text.plist.xml; path = Info.plist; sourceTree = "<group>"; };
		093907711E804E3A0067DD83 /* InputSource.swift */ = {isa = PBXFileReference; fileEncoding = 4; lastKnownFileType = sourcecode.swift; path = InputSource.swift; sourceTree = "<group>"; };
		093907731E804E3A0067DD83 /* ja */ = {isa = PBXFileReference; lastKnownFileType = text.plist.strings; name = ja; path = ja.lproj/Main.strings; sourceTree = "<group>"; };
		093907741E804E3A0067DD83 /* KeycodeTable.swift */ = {isa = PBXFileReference; fileEncoding = 4; lastKnownFileType = sourcecode.swift; path = KeycodeTable.swift; sourceTree = "<group>"; };
		093907751E804E3A0067DD83 /* KeyLayout.swift */ = {isa = PBXFileReference; fileEncoding = 4; lastKnownFileType = sourcecode.swift; path = KeyLayout.swift; sourceTree = "<group>"; };
		093907761E804E3A0067DD83 /* Keymap.swift */ = {isa = PBXFileReference; fileEncoding = 4; lastKnownFileType = sourcecode.swift; path = Keymap.swift; sourceTree = "<group>"; };
		093907771E804E3A0067DD83 /* Logger.swift */ = {isa = PBXFileReference; fileEncoding = 4; lastKnownFileType = sourcecode.swift; path = Logger.swift; sourceTree = "<group>"; };
		093907781E804E3A0067DD83 /* RomajiTable.swift */ = {isa = PBXFileReference; fileEncoding = 4; lastKnownFileType = sourcecode.swift; path = RomajiTable.swift; sourceTree = "<group>"; };
		093907791E804E3A0067DD83 /* TsukiInterceptor.swift */ = {isa = PBXFileReference; fileEncoding = 4; lastKnownFileType = sourcecode.swift; path = TsukiInterceptor.swift; sourceTree = "<group>"; };
		0939077A1E804E3A0067DD83 /* UserInfo.swift */ = {isa = PBXFileReference; fileEncoding = 4; lastKnownFileType = sourcecode.swift; path = UserInfo.swift; sourceTree = "<group>"; };
		093907891E804EDD0067DD83 /* layouts */ = {isa = PBXFileReference; lastKnownFileType = folder; path = layouts; sourceTree = "<group>"; };
		E48009011E432A9500E85169 /* MoonTyper.app */ = {isa = PBXFileReference; explicitFileType = wrapper.application; includeInIndex = 0; path = MoonTyper.app; sourceTree = BUILT_PRODUCTS_DIR; };
/* End PBXFileReference section */

/* Begin PBXFrameworksBuildPhase section */
		E48008FE1E432A9500E85169 /* Frameworks */ = {
			isa = PBXFrameworksBuildPhase;
			buildActionMask = 2147483647;
			files = (
				0939075B1E8005870067DD83 /* Yaml.framework in Frameworks */,
			);
			runOnlyForDeploymentPostprocessing = 0;
		};
/* End PBXFrameworksBuildPhase section */

/* Begin PBXGroup section */
		093907591E8005870067DD83 /* Frameworks */ = {
			isa = PBXGroup;
			children = (
				0939075A1E8005870067DD83 /* Yaml.framework */,
			);
			name = Frameworks;
			sourceTree = "<group>";
		};
		0939076A1E804E3A0067DD83 /* MoonType */ = {
			isa = PBXGroup;
			children = (
				0939076B1E804E3A0067DD83 /* AppDelegate.swift */,
				0939076C1E804E3A0067DD83 /* Assets.xcassets */,
				0939076D1E804E3A0067DD83 /* Main.storyboard */,
				0939076F1E804E3A0067DD83 /* CGEventExt.swift */,
				093907701E804E3A0067DD83 /* Info.plist */,
				093907711E804E3A0067DD83 /* InputSource.swift */,
				093907721E804E3A0067DD83 /* Main.strings */,
				093907741E804E3A0067DD83 /* KeycodeTable.swift */,
				093907751E804E3A0067DD83 /* KeyLayout.swift */,
				093907761E804E3A0067DD83 /* Keymap.swift */,
				093907771E804E3A0067DD83 /* Logger.swift */,
				093907781E804E3A0067DD83 /* RomajiTable.swift */,
				093907791E804E3A0067DD83 /* TsukiInterceptor.swift */,
				0939077A1E804E3A0067DD83 /* UserInfo.swift */,
			);
			name = MoonType;
			path = MoonTyper;
			sourceTree = "<group>";
		};
		E48008F81E432A9500E85169 = {
			isa = PBXGroup;
			children = (
				093907891E804EDD0067DD83 /* layouts */,
				0939076A1E804E3A0067DD83 /* MoonType */,
				E48009021E432A9500E85169 /* Products */,
				093907591E8005870067DD83 /* Frameworks */,
			);
			sourceTree = "<group>";
		};
		E48009021E432A9500E85169 /* Products */ = {
			isa = PBXGroup;
			children = (
				E48009011E432A9500E85169 /* MoonTyper.app */,
			);
			name = Products;
			sourceTree = "<group>";
		};
/* End PBXGroup section */

/* Begin PBXNativeTarget section */
		E48009001E432A9500E85169 /* MoonTyper */ = {
			isa = PBXNativeTarget;
			buildConfigurationList = E48009101E432A9500E85169 /* Build configuration list for PBXNativeTarget "MoonTyper" */;
			buildPhases = (
				E48008FD1E432A9500E85169 /* Sources */,
				E48008FE1E432A9500E85169 /* Frameworks */,
				E48008FF1E432A9500E85169 /* Resources */,
				093907561E8004D40067DD83 /* Carthage */,
			);
			buildRules = (
			);
			dependencies = (
			);
			name = MoonTyper;
			productName = MoonTyper;
			productReference = E48009011E432A9500E85169 /* MoonTyper.app */;
			productType = "com.apple.product-type.application";
		};
/* End PBXNativeTarget section */

/* Begin PBXProject section */
		E48008F91E432A9500E85169 /* Project object */ = {
			isa = PBXProject;
			attributes = {
				LastSwiftUpdateCheck = 0820;
				LastUpgradeCheck = 0820;
				ORGANIZATIONNAME = "Takatoshi Matsumoto";
				TargetAttributes = {
					E48009001E432A9500E85169 = {
						CreatedOnToolsVersion = 8.2.1;
						ProvisioningStyle = Automatic;
					};
				};
			};
			buildConfigurationList = E48008FC1E432A9500E85169 /* Build configuration list for PBXProject "MoonTyper" */;
			compatibilityVersion = "Xcode 3.2";
			developmentRegion = English;
			hasScannedForEncodings = 0;
			knownRegions = (
				en,
				Base,
				ja,
			);
			mainGroup = E48008F81E432A9500E85169;
			productRefGroup = E48009021E432A9500E85169 /* Products */;
			projectDirPath = "";
			projectRoot = "";
			targets = (
				E48009001E432A9500E85169 /* MoonTyper */,
			);
		};
/* End PBXProject section */

/* Begin PBXResourcesBuildPhase section */
		E48008FF1E432A9500E85169 /* Resources */ = {
			isa = PBXResourcesBuildPhase;
			buildActionMask = 2147483647;
			files = (
				0939078A1E804EDD0067DD83 /* layouts in Resources */,
				0939077C1E804E3A0067DD83 /* Assets.xcassets in Resources */,
				093907811E804E3A0067DD83 /* Main.strings in Resources */,
				0939077D1E804E3A0067DD83 /* Main.storyboard in Resources */,
			);
			runOnlyForDeploymentPostprocessing = 0;
		};
/* End PBXResourcesBuildPhase section */

/* Begin PBXShellScriptBuildPhase section */
		093907561E8004D40067DD83 /* Carthage */ = {
			isa = PBXShellScriptBuildPhase;
			buildActionMask = 2147483647;
			files = (
			);
			inputPaths = (
				"$(SRCROOT)/Carthage/Build/Mac/Yaml.framework",
			);
			name = Carthage;
			outputPaths = (
			);
			runOnlyForDeploymentPostprocessing = 0;
			shellPath = /bin/sh;
			shellScript = "/usr/local/bin/carthage copy-frameworks\n";
		};
/* End PBXShellScriptBuildPhase section */

/* Begin PBXSourcesBuildPhase section */
		E48008FD1E432A9500E85169 /* Sources */ = {
			isa = PBXSourcesBuildPhase;
			buildActionMask = 2147483647;
			files = (
				0939077E1E804E3A0067DD83 /* CGEventExt.swift in Sources */,
				093907821E804E3A0067DD83 /* KeycodeTable.swift in Sources */,
				093907841E804E3A0067DD83 /* Keymap.swift in Sources */,
				093907801E804E3A0067DD83 /* InputSource.swift in Sources */,
				093907851E804E3A0067DD83 /* Logger.swift in Sources */,
				093907831E804E3A0067DD83 /* KeyLayout.swift in Sources */,
				093907861E804E3A0067DD83 /* RomajiTable.swift in Sources */,
				093907871E804E3A0067DD83 /* TsukiInterceptor.swift in Sources */,
				093907881E804E3A0067DD83 /* UserInfo.swift in Sources */,
				0939077B1E804E3A0067DD83 /* AppDelegate.swift in Sources */,
			);
			runOnlyForDeploymentPostprocessing = 0;
		};
/* End PBXSourcesBuildPhase section */

/* Begin PBXVariantGroup section */
		0939076D1E804E3A0067DD83 /* Main.storyboard */ = {
			isa = PBXVariantGroup;
			children = (
				0939076E1E804E3A0067DD83 /* Base */,
			);
			name = Main.storyboard;
			sourceTree = "<group>";
		};
		093907721E804E3A0067DD83 /* Main.strings */ = {
			isa = PBXVariantGroup;
			children = (
				093907731E804E3A0067DD83 /* ja */,
			);
			name = Main.strings;
			sourceTree = "<group>";
		};
/* End PBXVariantGroup section */

/* Begin XCBuildConfiguration section */
		E480090E1E432A9500E85169 /* Debug */ = {
			isa = XCBuildConfiguration;
			buildSettings = {
				ALWAYS_SEARCH_USER_PATHS = NO;
				CLANG_ANALYZER_LOCALIZABILITY_NONLOCALIZED = YES;
				CLANG_ANALYZER_NONNULL = YES;
				CLANG_CXX_LANGUAGE_STANDARD = "gnu++0x";
				CLANG_CXX_LIBRARY = "libc++";
				CLANG_ENABLE_MODULES = YES;
				CLANG_ENABLE_OBJC_ARC = YES;
				CLANG_WARN_BOOL_CONVERSION = YES;
				CLANG_WARN_CONSTANT_CONVERSION = YES;
				CLANG_WARN_DIRECT_OBJC_ISA_USAGE = YES_ERROR;
				CLANG_WARN_DOCUMENTATION_COMMENTS = YES;
				CLANG_WARN_EMPTY_BODY = YES;
				CLANG_WARN_ENUM_CONVERSION = YES;
				CLANG_WARN_INFINITE_RECURSION = YES;
				CLANG_WARN_INT_CONVERSION = YES;
				CLANG_WARN_OBJC_ROOT_CLASS = YES_ERROR;
				CLANG_WARN_SUSPICIOUS_MOVE = YES;
				CLANG_WARN_UNREACHABLE_CODE = YES;
				CLANG_WARN__DUPLICATE_METHOD_MATCH = YES;
				CODE_SIGN_IDENTITY = "-";
				COPY_PHASE_STRIP = NO;
				DEBUG_INFORMATION_FORMAT = dwarf;
				ENABLE_STRICT_OBJC_MSGSEND = YES;
				ENABLE_TESTABILITY = YES;
				GCC_C_LANGUAGE_STANDARD = gnu99;
				GCC_DYNAMIC_NO_PIC = NO;
				GCC_NO_COMMON_BLOCKS = YES;
				GCC_OPTIMIZATION_LEVEL = 0;
				GCC_PREPROCESSOR_DEFINITIONS = (
					"DEBUG=1",
					"$(inherited)",
				);
				GCC_WARN_64_TO_32_BIT_CONVERSION = YES;
				GCC_WARN_ABOUT_RETURN_TYPE = YES_ERROR;
				GCC_WARN_UNDECLARED_SELECTOR = YES;
				GCC_WARN_UNINITIALIZED_AUTOS = YES_AGGRESSIVE;
				GCC_WARN_UNUSED_FUNCTION = YES;
				GCC_WARN_UNUSED_VARIABLE = YES;
				MACOSX_DEPLOYMENT_TARGET = 10.12;
				MTL_ENABLE_DEBUG_INFO = YES;
				ONLY_ACTIVE_ARCH = YES;
				SDKROOT = macosx;
				SWIFT_ACTIVE_COMPILATION_CONDITIONS = DEBUG;
				SWIFT_OPTIMIZATION_LEVEL = "-Onone";
			};
			name = Debug;
		};
		E480090F1E432A9500E85169 /* Release */ = {
			isa = XCBuildConfiguration;
			buildSettings = {
				ALWAYS_SEARCH_USER_PATHS = NO;
				CLANG_ANALYZER_LOCALIZABILITY_NONLOCALIZED = YES;
				CLANG_ANALYZER_NONNULL = YES;
				CLANG_CXX_LANGUAGE_STANDARD = "gnu++0x";
				CLANG_CXX_LIBRARY = "libc++";
				CLANG_ENABLE_MODULES = YES;
				CLANG_ENABLE_OBJC_ARC = YES;
				CLANG_WARN_BOOL_CONVERSION = YES;
				CLANG_WARN_CONSTANT_CONVERSION = YES;
				CLANG_WARN_DIRECT_OBJC_ISA_USAGE = YES_ERROR;
				CLANG_WARN_DOCUMENTATION_COMMENTS = YES;
				CLANG_WARN_EMPTY_BODY = YES;
				CLANG_WARN_ENUM_CONVERSION = YES;
				CLANG_WARN_INFINITE_RECURSION = YES;
				CLANG_WARN_INT_CONVERSION = YES;
				CLANG_WARN_OBJC_ROOT_CLASS = YES_ERROR;
				CLANG_WARN_SUSPICIOUS_MOVE = YES;
				CLANG_WARN_UNREACHABLE_CODE = YES;
				CLANG_WARN__DUPLICATE_METHOD_MATCH = YES;
				CODE_SIGN_IDENTITY = "-";
				COPY_PHASE_STRIP = NO;
				DEBUG_INFORMATION_FORMAT = "dwarf-with-dsym";
				ENABLE_NS_ASSERTIONS = NO;
				ENABLE_STRICT_OBJC_MSGSEND = YES;
				GCC_C_LANGUAGE_STANDARD = gnu99;
				GCC_NO_COMMON_BLOCKS = YES;
				GCC_WARN_64_TO_32_BIT_CONVERSION = YES;
				GCC_WARN_ABOUT_RETURN_TYPE = YES_ERROR;
				GCC_WARN_UNDECLARED_SELECTOR = YES;
				GCC_WARN_UNINITIALIZED_AUTOS = YES_AGGRESSIVE;
				GCC_WARN_UNUSED_FUNCTION = YES;
				GCC_WARN_UNUSED_VARIABLE = YES;
				MACOSX_DEPLOYMENT_TARGET = 10.12;
				MTL_ENABLE_DEBUG_INFO = NO;
				SDKROOT = macosx;
				SWIFT_OPTIMIZATION_LEVEL = "-Owholemodule";
			};
			name = Release;
		};
		E48009111E432A9500E85169 /* Debug */ = {
			isa = XCBuildConfiguration;
			buildSettings = {
				ASSETCATALOG_COMPILER_APPICON_NAME = AppIcon;
				COMBINE_HIDPI_IMAGES = YES;
				FRAMEWORK_SEARCH_PATHS = (
					"$(inherited)",
					"$(PROJECT_DIR)/Carthage/Build/Mac",
				);
				INFOPLIST_FILE = MoonTyper/Info.plist;
				LD_RUNPATH_SEARCH_PATHS = "$(inherited) @executable_path/../Frameworks";
				MACOSX_DEPLOYMENT_TARGET = 10.12;
				PRODUCT_BUNDLE_IDENTIFIER = taisukeh.MoonTyper;
				PRODUCT_NAME = "$(TARGET_NAME)";
				SWIFT_VERSION = 3.0;
			};
			name = Debug;
		};
		E48009121E432A9500E85169 /* Release */ = {
			isa = XCBuildConfiguration;
			buildSettings = {
				ASSETCATALOG_COMPILER_APPICON_NAME = AppIcon;
				COMBINE_HIDPI_IMAGES = YES;
				FRAMEWORK_SEARCH_PATHS = (
					"$(inherited)",
					"$(PROJECT_DIR)/Carthage/Build/Mac",
				);
				INFOPLIST_FILE = MoonTyper/Info.plist;
				LD_RUNPATH_SEARCH_PATHS = "$(inherited) @executable_path/../Frameworks";
				MACOSX_DEPLOYMENT_TARGET = 10.12;
				PRODUCT_BUNDLE_IDENTIFIER = taisukeh.MoonTyper;
				PRODUCT_NAME = "$(TARGET_NAME)";
				SWIFT_VERSION = 3.0;
			};
			name = Release;
		};
/* End XCBuildConfiguration section */

/* Begin XCConfigurationList section */
		E48008FC1E432A9500E85169 /* Build configuration list for PBXProject "MoonTyper" */ = {
			isa = XCConfigurationList;
			buildConfigurations = (
				E480090E1E432A9500E85169 /* Debug */,
				E480090F1E432A9500E85169 /* Release */,
			);
			defaultConfigurationIsVisible = 0;
			defaultConfigurationName = Release;
		};
		E48009101E432A9500E85169 /* Build configuration list for PBXNativeTarget "MoonTyper" */ = {
			isa = XCConfigurationList;
			buildConfigurations = (
				E48009111E432A9500E85169 /* Debug */,
				E48009121E432A9500E85169 /* Release */,
			);
			defaultConfigurationIsVisible = 0;
			defaultConfigurationName = Release;
		};
/* End XCConfigurationList section */
	};
	rootObject = E48008F91E432A9500E85169 /* Project object */;
}
